github.com/xjasonlyu/windivert-go v0.0.0-20201010013527-4239d0afa76f h1:glX3VZCYwW1/OmFxOjazfCtBLxXB3YNZk9LF2lYx+Lw=
github.com/xjasonlyu/windivert-go v0.0.0-20201010013527-4239d0afa76f/go.mod h1:gh//RKyt2Gesx3eOj3ulzrSQ60ySj2UA4qnOdrtarvg=
golang.org/x/sys v0.0.0-20201008064518-c1f3e3309c71 h1:ZPX6UakxrJCxWiyGWpXtFY+fp86Esy7xJT/jJCG8bgU=
golang.org/x/sys v0.0.0-20201008064518-c1f3e3309c71/go.mod h1:h1NjWce9XRLGQEsW7wpKNCjG9DtNlClVuFLEZdDNbEs=
